
Microsoft Visual Studio Solution File, Format Version 12.00
# Visual Studio 2013
VisualStudioVersion = 12.0.21005.1
MinimumVisualStudioVersion = 10.0.40219.1
Project("{8BC9CEB8-8B4A-11D0-8D11-00A0C91BC942}") = "NN", "NN\NN.vcxproj", "{2A7C3308-B53A-43AD-8D96-166E9DE86F55}"
EndProject
Project("{8BC9CEB8-8B4A-11D0-8D11-00A0C91BC942}") = "tiny-cnn", "tiny-cnn\tiny-cnn.vcxproj", "{3A4D10C3-354F-4B63-B83C-E3EC67E8920A}"
EndProject
Project("{8BC9CEB8-8B4A-11D0-8D11-00A0C91BC942}") = "tiny-dnn", "tiny-dnn\tiny-dnn.vcxproj", "{CEF49A5B-F64A-4BD8-866B-9FBAED2C9F7A}"
EndProject
Project("{8BC9CEB8-8B4A-11D0-8D11-00A0C91BC942}") = "DatasetToImage", "DatasetToImage\DatasetToImage.vcxproj", "{FEE54862-C512-413E-8D21-474C2B05FCC0}"
EndProject
Project("{8BC9CEB8-8B4A-11D0-8D11-00A0C91BC942}") = "Math", "Math\Math.vcxproj", "{B06F3D71-5968-4A76-A417-6E05ACE67791}"
EndProject
Global
	GlobalSection(SolutionConfigurationPlatforms) = preSolution
		Debug|x64 = Debug|x64
		Release|x64 = Release|x64
	EndGlobalSection
	GlobalSection(ProjectConfigurationPlatforms) = postSolution
		{2A7C3308-B53A-43AD-8D96-166E9DE86F55}.Debug|x64.ActiveCfg = Debug|x64
		{2A7C3308-B53A-43AD-8D96-166E9DE86F55}.Debug|x64.Build.0 = Debug|x64
		{2A7C3308-B53A-43AD-8D96-166E9DE86F55}.Release|x64.ActiveCfg = Release|x64
		{2A7C3308-B53A-43AD-8D96-166E9DE86F55}.Release|x64.Build.0 = Release|x64
		{3A4D10C3-354F-4B63-B83C-E3EC67E8920A}.Debug|x64.ActiveCfg = Debug|x64
		{3A4D10C3-354F-4B63-B83C-E3EC67E8920A}.Release|x64.ActiveCfg = Release|x64
		{CEF49A5B-F64A-4BD8-866B-9FBAED2C9F7A}.Debug|x64.ActiveCfg = Debug|x64
		{CEF49A5B-F64A-4BD8-866B-9FBAED2C9F7A}.Release|x64.ActiveCfg = Release|x64
		{FEE54862-C512-413E-8D21-474C2B05FCC0}.Debug|x64.ActiveCfg = Debug|x64
		{FEE54862-C512-413E-8D21-474C2B05FCC0}.Debug|x64.Build.0 = Debug|x64
		{FEE54862-C512-413E-8D21-474C2B05FCC0}.Release|x64.ActiveCfg = Release|x64
		{FEE54862-C512-413E-8D21-474C2B05FCC0}.Release|x64.Build.0 = Release|x64
		{B06F3D71-5968-4A76-A417-6E05ACE67791}.Debug|x64.ActiveCfg = Debug|x64
		{B06F3D71-5968-4A76-A417-6E05ACE67791}.Release|x64.ActiveCfg = Release|x64
	EndGlobalSection
	GlobalSection(SolutionProperties) = preSolution
		HideSolutionNode = FALSE
	EndGlobalSection
EndGlobal
